// !$*UTF8*$!
{
	archiveVersion = 1;
	classes = {
	};
	objectVersion = 51;
	objects = {

/* Begin PBXBuildFile section */
		0F10C14122913AB36A278DE8 /* Pods_DemoTests.framework in Frameworks */ = {isa = PBXBuildFile; fileRef = 7549B90A46F9A93086032F58 /* Pods_DemoTests.framework */; };
		2095EB6662A5E6ACAFF4C4CC /* Pods_DemoUITests.framework in Frameworks */ = {isa = PBXBuildFile; fileRef = 82CA52B0BFF3E3691CC096BB /* Pods_DemoUITests.framework */; };
		8EBB3CF67D5A8B84D4B53027 /* Pods_Demo.framework in Frameworks */ = {isa = PBXBuildFile; fileRef = 064842FFA9E41432543F4669 /* Pods_Demo.framework */; };
		B90608A9266215F400440B2C /* GeneratedMocks.swift in Sources */ = {isa = PBXBuildFile; fileRef = B90608A8266215F400440B2C /* GeneratedMocks.swift */; };
		B9FB78F62660F44100BC03EC /* AppDelegate.swift in Sources */ = {isa = PBXBuildFile; fileRef = B9FB78F52660F44100BC03EC /* AppDelegate.swift */; };
		B9FB78F82660F44100BC03EC /* SceneDelegate.swift in Sources */ = {isa = PBXBuildFile; fileRef = B9FB78F72660F44100BC03EC /* SceneDelegate.swift */; };
		B9FB78FA2660F44100BC03EC /* ViewController.swift in Sources */ = {isa = PBXBuildFile; fileRef = B9FB78F92660F44100BC03EC /* ViewController.swift */; };
		B9FB78FD2660F44100BC03EC /* Main.storyboard in Resources */ = {isa = PBXBuildFile; fileRef = B9FB78FB2660F44100BC03EC /* Main.storyboard */; };
		B9FB78FF2660F44100BC03EC /* Assets.xcassets in Resources */ = {isa = PBXBuildFile; fileRef = B9FB78FE2660F44100BC03EC /* Assets.xcassets */; };
		B9FB79022660F44100BC03EC /* LaunchScreen.storyboard in Resources */ = {isa = PBXBuildFile; fileRef = B9FB79002660F44100BC03EC /* LaunchScreen.storyboard */; };
		B9FB790D2660F44100BC03EC /* DemoTests.swift in Sources */ = {isa = PBXBuildFile; fileRef = B9FB790C2660F44100BC03EC /* DemoTests.swift */; };
		B9FB79182660F44100BC03EC /* DemoUITests.swift in Sources */ = {isa = PBXBuildFile; fileRef = B9FB79172660F44100BC03EC /* DemoUITests.swift */; };
		B9FB794D2660F4FF00BC03EC /* User.swift in Sources */ = {isa = PBXBuildFile; fileRef = B9FB794C2660F4FF00BC03EC /* User.swift */; };
		B9FB796A2660FCC500BC03EC /* UserViewModel.swift in Sources */ = {isa = PBXBuildFile; fileRef = B9FB79692660FCC500BC03EC /* UserViewModel.swift */; };
		B9FB797226610BDD00BC03EC /* UrlSession.swift in Sources */ = {isa = PBXBuildFile; fileRef = B9FB797126610BDD00BC03EC /* UrlSession.swift */; };
/* End PBXBuildFile section */

/* Begin PBXContainerItemProxy section */
		B9FB79092660F44100BC03EC /* PBXContainerItemProxy */ = {
			isa = PBXContainerItemProxy;
			containerPortal = B9FB78EA2660F44100BC03EC /* Project object */;
			proxyType = 1;
			remoteGlobalIDString = B9FB78F12660F44100BC03EC;
			remoteInfo = Demo;
		};
		B9FB79142660F44100BC03EC /* PBXContainerItemProxy */ = {
			isa = PBXContainerItemProxy;
			containerPortal = B9FB78EA2660F44100BC03EC /* Project object */;
			proxyType = 1;
			remoteGlobalIDString = B9FB78F12660F44100BC03EC;
			remoteInfo = Demo;
		};
/* End PBXContainerItemProxy section */

/* Begin PBXFileReference section */
		064842FFA9E41432543F4669 /* Pods_Demo.framework */ = {isa = PBXFileReference; explicitFileType = wrapper.framework; includeInIndex = 0; path = Pods_Demo.framework; sourceTree = BUILT_PRODUCTS_DIR; };
		133CD55973CA5B13DC815762 /* Pods-DemoUITests.release.xcconfig */ = {isa = PBXFileReference; includeInIndex = 1; lastKnownFileType = text.xcconfig; name = "Pods-DemoUITests.release.xcconfig"; path = "Target Support Files/Pods-DemoUITests/Pods-DemoUITests.release.xcconfig"; sourceTree = "<group>"; };
		5185736CC5D734D5B393B308 /* Pods-Demo.release.xcconfig */ = {isa = PBXFileReference; includeInIndex = 1; lastKnownFileType = text.xcconfig; name = "Pods-Demo.release.xcconfig"; path = "Target Support Files/Pods-Demo/Pods-Demo.release.xcconfig"; sourceTree = "<group>"; };
		573C6CAAA044866FB2E9C8ED /* Pods-DemoTests.release.xcconfig */ = {isa = PBXFileReference; includeInIndex = 1; lastKnownFileType = text.xcconfig; name = "Pods-DemoTests.release.xcconfig"; path = "Target Support Files/Pods-DemoTests/Pods-DemoTests.release.xcconfig"; sourceTree = "<group>"; };
		583DD12F0E4FD732A404D17A /* Pods-DemoTests.debug.xcconfig */ = {isa = PBXFileReference; includeInIndex = 1; lastKnownFileType = text.xcconfig; name = "Pods-DemoTests.debug.xcconfig"; path = "Target Support Files/Pods-DemoTests/Pods-DemoTests.debug.xcconfig"; sourceTree = "<group>"; };
		7549B90A46F9A93086032F58 /* Pods_DemoTests.framework */ = {isa = PBXFileReference; explicitFileType = wrapper.framework; includeInIndex = 0; path = Pods_DemoTests.framework; sourceTree = BUILT_PRODUCTS_DIR; };
		82CA52B0BFF3E3691CC096BB /* Pods_DemoUITests.framework */ = {isa = PBXFileReference; explicitFileType = wrapper.framework; includeInIndex = 0; path = Pods_DemoUITests.framework; sourceTree = BUILT_PRODUCTS_DIR; };
		862FA5B8D4D6B92A0540ED45 /* Pods-DemoUITests.debug.xcconfig */ = {isa = PBXFileReference; includeInIndex = 1; lastKnownFileType = text.xcconfig; name = "Pods-DemoUITests.debug.xcconfig"; path = "Target Support Files/Pods-DemoUITests/Pods-DemoUITests.debug.xcconfig"; sourceTree = "<group>"; };
		A4C31511CE3283271D430FCE /* Pods-Demo.debug.xcconfig */ = {isa = PBXFileReference; includeInIndex = 1; lastKnownFileType = text.xcconfig; name = "Pods-Demo.debug.xcconfig"; path = "Target Support Files/Pods-Demo/Pods-Demo.debug.xcconfig"; sourceTree = "<group>"; };
		B90608A8266215F400440B2C /* GeneratedMocks.swift */ = {isa = PBXFileReference; fileEncoding = 4; lastKnownFileType = sourcecode.swift; path = GeneratedMocks.swift; sourceTree = "<group>"; };
		B9FB78F22660F44100BC03EC /* Demo.app */ = {isa = PBXFileReference; explicitFileType = wrapper.application; includeInIndex = 0; path = Demo.app; sourceTree = BUILT_PRODUCTS_DIR; };
		B9FB78F52660F44100BC03EC /* AppDelegate.swift */ = {isa = PBXFileReference; lastKnownFileType = sourcecode.swift; path = AppDelegate.swift; sourceTree = "<group>"; };
		B9FB78F72660F44100BC03EC /* SceneDelegate.swift */ = {isa = PBXFileReference; lastKnownFileType = sourcecode.swift; path = SceneDelegate.swift; sourceTree = "<group>"; };
		B9FB78F92660F44100BC03EC /* ViewController.swift */ = {isa = PBXFileReference; lastKnownFileType = sourcecode.swift; path = ViewController.swift; sourceTree = "<group>"; };
		B9FB78FC2660F44100BC03EC /* Base */ = {isa = PBXFileReference; lastKnownFileType = file.storyboard; name = Base; path = Base.lproj/Main.storyboard; sourceTree = "<group>"; };
		B9FB78FE2660F44100BC03EC /* Assets.xcassets */ = {isa = PBXFileReference; lastKnownFileType = folder.assetcatalog; path = Assets.xcassets; sourceTree = "<group>"; };
		B9FB79012660F44100BC03EC /* Base */ = {isa = PBXFileReference; lastKnownFileType = file.storyboard; name = Base; path = Base.lproj/LaunchScreen.storyboard; sourceTree = "<group>"; };
		B9FB79032660F44100BC03EC /* Info.plist */ = {isa = PBXFileReference; lastKnownFileType = text.plist.xml; path = Info.plist; sourceTree = "<group>"; };
		B9FB79082660F44100BC03EC /* DemoTests.xctest */ = {isa = PBXFileReference; explicitFileType = wrapper.cfbundle; includeInIndex = 0; path = DemoTests.xctest; sourceTree = BUILT_PRODUCTS_DIR; };
		B9FB790C2660F44100BC03EC /* DemoTests.swift */ = {isa = PBXFileReference; lastKnownFileType = sourcecode.swift; path = DemoTests.swift; sourceTree = "<group>"; };
		B9FB790E2660F44100BC03EC /* Info.plist */ = {isa = PBXFileReference; lastKnownFileType = text.plist.xml; path = Info.plist; sourceTree = "<group>"; };
		B9FB79132660F44100BC03EC /* DemoUITests.xctest */ = {isa = PBXFileReference; explicitFileType = wrapper.cfbundle; includeInIndex = 0; path = DemoUITests.xctest; sourceTree = BUILT_PRODUCTS_DIR; };
		B9FB79172660F44100BC03EC /* DemoUITests.swift */ = {isa = PBXFileReference; lastKnownFileType = sourcecode.swift; path = DemoUITests.swift; sourceTree = "<group>"; };
		B9FB79192660F44100BC03EC /* Info.plist */ = {isa = PBXFileReference; lastKnownFileType = text.plist.xml; path = Info.plist; sourceTree = "<group>"; };
		B9FB794C2660F4FF00BC03EC /* User.swift */ = {isa = PBXFileReference; lastKnownFileType = sourcecode.swift; path = User.swift; sourceTree = "<group>"; };
		B9FB79692660FCC500BC03EC /* UserViewModel.swift */ = {isa = PBXFileReference; lastKnownFileType = sourcecode.swift; path = UserViewModel.swift; sourceTree = "<group>"; };
		B9FB797126610BDD00BC03EC /* UrlSession.swift */ = {isa = PBXFileReference; lastKnownFileType = sourcecode.swift; path = UrlSession.swift; sourceTree = "<group>"; };
/* End PBXFileReference section */

/* Begin PBXFrameworksBuildPhase section */
		B9FB78EF2660F44100BC03EC /* Frameworks */ = {
			isa = PBXFrameworksBuildPhase;
			buildActionMask = 2147483647;
			files = (
				8EBB3CF67D5A8B84D4B53027 /* Pods_Demo.framework in Frameworks */,
			);
			runOnlyForDeploymentPostprocessing = 0;
		};
		B9FB79052660F44100BC03EC /* Frameworks */ = {
			isa = PBXFrameworksBuildPhase;
			buildActionMask = 2147483647;
			files = (
				0F10C14122913AB36A278DE8 /* Pods_DemoTests.framework in Frameworks */,
			);
			runOnlyForDeploymentPostprocessing = 0;
		};
		B9FB79102660F44100BC03EC /* Frameworks */ = {
			isa = PBXFrameworksBuildPhase;
			buildActionMask = 2147483647;
			files = (
				2095EB6662A5E6ACAFF4C4CC /* Pods_DemoUITests.framework in Frameworks */,
			);
			runOnlyForDeploymentPostprocessing = 0;
		};
/* End PBXFrameworksBuildPhase section */

/* Begin PBXGroup section */
		95863A5348C46960013EA93F /* Pods */ = {
			isa = PBXGroup;
			children = (
				A4C31511CE3283271D430FCE /* Pods-Demo.debug.xcconfig */,
				5185736CC5D734D5B393B308 /* Pods-Demo.release.xcconfig */,
				583DD12F0E4FD732A404D17A /* Pods-DemoTests.debug.xcconfig */,
				573C6CAAA044866FB2E9C8ED /* Pods-DemoTests.release.xcconfig */,
				862FA5B8D4D6B92A0540ED45 /* Pods-DemoUITests.debug.xcconfig */,
				133CD55973CA5B13DC815762 /* Pods-DemoUITests.release.xcconfig */,
			);
			path = Pods;
			sourceTree = "<group>";
		};
		B9FB78E92660F44100BC03EC = {
			isa = PBXGroup;
			children = (
				B9FB78F42660F44100BC03EC /* Demo */,
				B9FB790B2660F44100BC03EC /* DemoTests */,
				B9FB79162660F44100BC03EC /* DemoUITests */,
				B9FB78F32660F44100BC03EC /* Products */,
				95863A5348C46960013EA93F /* Pods */,
				EE5A0F848BB60C3DCC8D6D33 /* Frameworks */,
			);
			sourceTree = "<group>";
		};
		B9FB78F32660F44100BC03EC /* Products */ = {
			isa = PBXGroup;
			children = (
				B9FB78F22660F44100BC03EC /* Demo.app */,
				B9FB79082660F44100BC03EC /* DemoTests.xctest */,
				B9FB79132660F44100BC03EC /* DemoUITests.xctest */,
			);
			name = Products;
			sourceTree = "<group>";
		};
		B9FB78F42660F44100BC03EC /* Demo */ = {
			isa = PBXGroup;
			children = (
				B9FB78F52660F44100BC03EC /* AppDelegate.swift */,
				B9FB78F72660F44100BC03EC /* SceneDelegate.swift */,
				B9FB78F92660F44100BC03EC /* ViewController.swift */,
				B9FB78FB2660F44100BC03EC /* Main.storyboard */,
				B9FB78FE2660F44100BC03EC /* Assets.xcassets */,
				B9FB79002660F44100BC03EC /* LaunchScreen.storyboard */,
				B9FB79032660F44100BC03EC /* Info.plist */,
				B9FB794C2660F4FF00BC03EC /* User.swift */,
				B9FB79692660FCC500BC03EC /* UserViewModel.swift */,
				B9FB797126610BDD00BC03EC /* UrlSession.swift */,
			);
			path = Demo;
			sourceTree = "<group>";
		};
		B9FB790B2660F44100BC03EC /* DemoTests */ = {
			isa = PBXGroup;
			children = (
				B9FB790C2660F44100BC03EC /* DemoTests.swift */,
				B9FB790E2660F44100BC03EC /* Info.plist */,
			);
			path = DemoTests;
			sourceTree = "<group>";
		};
		B9FB79162660F44100BC03EC /* DemoUITests */ = {
			isa = PBXGroup;
			children = (
				B90608A8266215F400440B2C /* GeneratedMocks.swift */,
				B9FB79172660F44100BC03EC /* DemoUITests.swift */,
				B9FB79192660F44100BC03EC /* Info.plist */,
			);
			path = DemoUITests;
			sourceTree = "<group>";
		};
		EE5A0F848BB60C3DCC8D6D33 /* Frameworks */ = {
			isa = PBXGroup;
			children = (
				064842FFA9E41432543F4669 /* Pods_Demo.framework */,
				7549B90A46F9A93086032F58 /* Pods_DemoTests.framework */,
				82CA52B0BFF3E3691CC096BB /* Pods_DemoUITests.framework */,
			);
			name = Frameworks;
			sourceTree = "<group>";
		};
/* End PBXGroup section */

/* Begin PBXNativeTarget section */
		B9FB78F12660F44100BC03EC /* Demo */ = {
			isa = PBXNativeTarget;
			buildConfigurationList = B9FB791C2660F44100BC03EC /* Build configuration list for PBXNativeTarget "Demo" */;
			buildPhases = (
				7EEDEFC212343401943D7BF9 /* [CP] Check Pods Manifest.lock */,
				B9FB79322660F49400BC03EC /* ShellScript */,
				B9FB78EE2660F44100BC03EC /* Sources */,
				B9FB78EF2660F44100BC03EC /* Frameworks */,
				B9FB78F02660F44100BC03EC /* Resources */,
				3AB65FF451E5A3EA4D6D8D41 /* [CP] Embed Pods Frameworks */,
			);
			buildRules = (
			);
			dependencies = (
			);
			name = Demo;
			productName = Demo;
			productReference = B9FB78F22660F44100BC03EC /* Demo.app */;
			productType = "com.apple.product-type.application";
		};
		B9FB79072660F44100BC03EC /* DemoTests */ = {
			isa = PBXNativeTarget;
			buildConfigurationList = B9FB791F2660F44100BC03EC /* Build configuration list for PBXNativeTarget "DemoTests" */;
			buildPhases = (
				7C30776C09E0676123CB0045 /* [CP] Check Pods Manifest.lock */,
				B9FB79042660F44100BC03EC /* Sources */,
				B9FB79052660F44100BC03EC /* Frameworks */,
				B9FB79062660F44100BC03EC /* Resources */,
			);
			buildRules = (
			);
			dependencies = (
				B9FB790A2660F44100BC03EC /* PBXTargetDependency */,
			);
			name = DemoTests;
			productName = DemoTests;
			productReference = B9FB79082660F44100BC03EC /* DemoTests.xctest */;
			productType = "com.apple.product-type.bundle.unit-test";
		};
		B9FB79122660F44100BC03EC /* DemoUITests */ = {
			isa = PBXNativeTarget;
			buildConfigurationList = B9FB79222660F44100BC03EC /* Build configuration list for PBXNativeTarget "DemoUITests" */;
			buildPhases = (
				E950E06CF042EE57C84874CF /* [CP] Check Pods Manifest.lock */,
				B9FB790F2660F44100BC03EC /* Sources */,
				B9FB79102660F44100BC03EC /* Frameworks */,
				B9FB79112660F44100BC03EC /* Resources */,
				3B24C83259245DA2AB194084 /* [CP] Embed Pods Frameworks */,
			);
			buildRules = (
			);
			dependencies = (
				B9FB79152660F44100BC03EC /* PBXTargetDependency */,
			);
			name = DemoUITests;
			productName = DemoUITests;
			productReference = B9FB79132660F44100BC03EC /* DemoUITests.xctest */;
			productType = "com.apple.product-type.bundle.ui-testing";
		};
/* End PBXNativeTarget section */

/* Begin PBXProject section */
		B9FB78EA2660F44100BC03EC /* Project object */ = {
			isa = PBXProject;
			attributes = {
				LastSwiftUpdateCheck = 1240;
				LastUpgradeCheck = 1240;
				TargetAttributes = {
					B9FB78F12660F44100BC03EC = {
						CreatedOnToolsVersion = 12.4;
					};
					B9FB79072660F44100BC03EC = {
						CreatedOnToolsVersion = 12.4;
						TestTargetID = B9FB78F12660F44100BC03EC;
					};
					B9FB79122660F44100BC03EC = {
						CreatedOnToolsVersion = 12.4;
						TestTargetID = B9FB78F12660F44100BC03EC;
					};
				};
			};
			buildConfigurationList = B9FB78ED2660F44100BC03EC /* Build configuration list for PBXProject "Demo" */;
			compatibilityVersion = "Xcode 9.3";
			developmentRegion = en;
			hasScannedForEncodings = 0;
			knownRegions = (
				en,
				Base,
			);
			mainGroup = B9FB78E92660F44100BC03EC;
			productRefGroup = B9FB78F32660F44100BC03EC /* Products */;
			projectDirPath = "";
			projectRoot = "";
			targets = (
				B9FB78F12660F44100BC03EC /* Demo */,
				B9FB79072660F44100BC03EC /* DemoTests */,
				B9FB79122660F44100BC03EC /* DemoUITests */,
			);
		};
/* End PBXProject section */

/* Begin PBXResourcesBuildPhase section */
		B9FB78F02660F44100BC03EC /* Resources */ = {
			isa = PBXResourcesBuildPhase;
			buildActionMask = 2147483647;
			files = (
				B9FB79022660F44100BC03EC /* LaunchScreen.storyboard in Resources */,
				B9FB78FF2660F44100BC03EC /* Assets.xcassets in Resources */,
				B9FB78FD2660F44100BC03EC /* Main.storyboard in Resources */,
			);
			runOnlyForDeploymentPostprocessing = 0;
		};
		B9FB79062660F44100BC03EC /* Resources */ = {
			isa = PBXResourcesBuildPhase;
			buildActionMask = 2147483647;
			files = (
			);
			runOnlyForDeploymentPostprocessing = 0;
		};
		B9FB79112660F44100BC03EC /* Resources */ = {
			isa = PBXResourcesBuildPhase;
			buildActionMask = 2147483647;
			files = (
			);
			runOnlyForDeploymentPostprocessing = 0;
		};
/* End PBXResourcesBuildPhase section */

/* Begin PBXShellScriptBuildPhase section */
		3AB65FF451E5A3EA4D6D8D41 /* [CP] Embed Pods Frameworks */ = {
			isa = PBXShellScriptBuildPhase;
			buildActionMask = 2147483647;
			files = (
			);
			inputFileListPaths = (
				"${PODS_ROOT}/Target Support Files/Pods-Demo/Pods-Demo-frameworks-${CONFIGURATION}-input-files.xcfilelist",
			);
			name = "[CP] Embed Pods Frameworks";
			outputFileListPaths = (
				"${PODS_ROOT}/Target Support Files/Pods-Demo/Pods-Demo-frameworks-${CONFIGURATION}-output-files.xcfilelist",
			);
			runOnlyForDeploymentPostprocessing = 0;
			shellPath = /bin/sh;
			shellScript = "\"${PODS_ROOT}/Target Support Files/Pods-Demo/Pods-Demo-frameworks.sh\"\n";
			showEnvVarsInLog = 0;
		};
		3B24C83259245DA2AB194084 /* [CP] Embed Pods Frameworks */ = {
			isa = PBXShellScriptBuildPhase;
			buildActionMask = 2147483647;
			files = (
			);
			inputFileListPaths = (
				"${PODS_ROOT}/Target Support Files/Pods-DemoUITests/Pods-DemoUITests-frameworks-${CONFIGURATION}-input-files.xcfilelist",
			);
			name = "[CP] Embed Pods Frameworks";
			outputFileListPaths = (
				"${PODS_ROOT}/Target Support Files/Pods-DemoUITests/Pods-DemoUITests-frameworks-${CONFIGURATION}-output-files.xcfilelist",
			);
			runOnlyForDeploymentPostprocessing = 0;
			shellPath = /bin/sh;
			shellScript = "\"${PODS_ROOT}/Target Support Files/Pods-DemoUITests/Pods-DemoUITests-frameworks.sh\"\n";
			showEnvVarsInLog = 0;
		};
		7C30776C09E0676123CB0045 /* [CP] Check Pods Manifest.lock */ = {
			isa = PBXShellScriptBuildPhase;
			buildActionMask = 2147483647;
			files = (
			);
			inputFileListPaths = (
			);
			inputPaths = (
				"${PODS_PODFILE_DIR_PATH}/Podfile.lock",
				"${PODS_ROOT}/Manifest.lock",
			);
			name = "[CP] Check Pods Manifest.lock";
			outputFileListPaths = (
			);
			outputPaths = (
				"$(DERIVED_FILE_DIR)/Pods-DemoTests-checkManifestLockResult.txt",
			);
			runOnlyForDeploymentPostprocessing = 0;
			shellPath = /bin/sh;
			shellScript = "diff \"${PODS_PODFILE_DIR_PATH}/Podfile.lock\" \"${PODS_ROOT}/Manifest.lock\" > /dev/null\nif [ $? != 0 ] ; then\n    # print error to STDERR\n    echo \"error: The sandbox is not in sync with the Podfile.lock. Run 'pod install' or update your CocoaPods installation.\" >&2\n    exit 1\nfi\n# This output is used by Xcode 'outputs' to avoid re-running this script phase.\necho \"SUCCESS\" > \"${SCRIPT_OUTPUT_FILE_0}\"\n";
			showEnvVarsInLog = 0;
		};
		7EEDEFC212343401943D7BF9 /* [CP] Check Pods Manifest.lock */ = {
			isa = PBXShellScriptBuildPhase;
			buildActionMask = 2147483647;
			files = (
			);
			inputFileListPaths = (
			);
			inputPaths = (
				"${PODS_PODFILE_DIR_PATH}/Podfile.lock",
				"${PODS_ROOT}/Manifest.lock",
			);
			name = "[CP] Check Pods Manifest.lock";
			outputFileListPaths = (
			);
			outputPaths = (
				"$(DERIVED_FILE_DIR)/Pods-Demo-checkManifestLockResult.txt",
			);
			runOnlyForDeploymentPostprocessing = 0;
			shellPath = /bin/sh;
			shellScript = "diff \"${PODS_PODFILE_DIR_PATH}/Podfile.lock\" \"${PODS_ROOT}/Manifest.lock\" > /dev/null\nif [ $? != 0 ] ; then\n    # print error to STDERR\n    echo \"error: The sandbox is not in sync with the Podfile.lock. Run 'pod install' or update your CocoaPods installation.\" >&2\n    exit 1\nfi\n# This output is used by Xcode 'outputs' to avoid re-running this script phase.\necho \"SUCCESS\" > \"${SCRIPT_OUTPUT_FILE_0}\"\n";
			showEnvVarsInLog = 0;
		};
		B9FB79322660F49400BC03EC /* ShellScript */ = {
			isa = PBXShellScriptBuildPhase;
			buildActionMask = 2147483647;
			files = (
			);
			inputFileListPaths = (
			);
			inputPaths = (
			);
			outputFileListPaths = (
			);
			outputPaths = (
			);
			runOnlyForDeploymentPostprocessing = 0;
			shellPath = /bin/sh;
			shellScript = "OUTPUT_FILE_UNIT=\"${PROJECT_DIR}/${PROJECT_NAME}Tests/GeneratedMocks.swift\"\necho \"Generated Mocks File = ${OUTPUT_FILE_UNIT}\"\n\nOUTPUT_FILE_UI=\"${PROJECT_DIR}/${PROJECT_NAME}UITests/GeneratedMocks.swift\"\necho \"Generated Mocks File = ${OUTPUT_FILE_UI}\"\n\nINPUT_DIR=\"${PROJECT_DIR}/${PROJECT_NAME}\"\necho \"Mocks Input Directory = ${INPUT_DIR}\"\n\n\"${PODS_ROOT}/Cuckoo/run\" generate --testable \"${PROJECT_NAME}\" \\\n--output \"${OUTPUT_FILE_UI}\" \\\n\"${INPUT_DIR}/User.swift\" \\\n\"${INPUT_DIR}/UrlSession.swift\"\n";
		};
		E950E06CF042EE57C84874CF /* [CP] Check Pods Manifest.lock */ = {
			isa = PBXShellScriptBuildPhase;
			buildActionMask = 2147483647;
			files = (
			);
			inputFileListPaths = (
			);
			inputPaths = (
				"${PODS_PODFILE_DIR_PATH}/Podfile.lock",
				"${PODS_ROOT}/Manifest.lock",
			);
			name = "[CP] Check Pods Manifest.lock";
			outputFileListPaths = (
			);
			outputPaths = (
				"$(DERIVED_FILE_DIR)/Pods-DemoUITests-checkManifestLockResult.txt",
			);
			runOnlyForDeploymentPostprocessing = 0;
			shellPath = /bin/sh;
			shellScript = "diff \"${PODS_PODFILE_DIR_PATH}/Podfile.lock\" \"${PODS_ROOT}/Manifest.lock\" > /dev/null\nif [ $? != 0 ] ; then\n    # print error to STDERR\n    echo \"error: The sandbox is not in sync with the Podfile.lock. Run 'pod install' or update your CocoaPods installation.\" >&2\n    exit 1\nfi\n# This output is used by Xcode 'outputs' to avoid re-running this script phase.\necho \"SUCCESS\" > \"${SCRIPT_OUTPUT_FILE_0}\"\n";
			showEnvVarsInLog = 0;
		};
/* End PBXShellScriptBuildPhase section */

/* Begin PBXSourcesBuildPhase section */
		B9FB78EE2660F44100BC03EC /* Sources */ = {
			isa = PBXSourcesBuildPhase;
			buildActionMask = 2147483647;
			files = (
				B9FB797226610BDD00BC03EC /* UrlSession.swift in Sources */,
				B9FB794D2660F4FF00BC03EC /* User.swift in Sources */,
				B9FB78FA2660F44100BC03EC /* ViewController.swift in Sources */,
				B9FB78F62660F44100BC03EC /* AppDelegate.swift in Sources */,
				B9FB796A2660FCC500BC03EC /* UserViewModel.swift in Sources */,
				B9FB78F82660F44100BC03EC /* SceneDelegate.swift in Sources */,
			);
			runOnlyForDeploymentPostprocessing = 0;
		};
		B9FB79042660F44100BC03EC /* Sources */ = {
			isa = PBXSourcesBuildPhase;
			buildActionMask = 2147483647;
			files = (
				B9FB790D2660F44100BC03EC /* DemoTests.swift in Sources */,
			);
			runOnlyForDeploymentPostprocessing = 0;
		};
		B9FB790F2660F44100BC03EC /* Sources */ = {
			isa = PBXSourcesBuildPhase;
			buildActionMask = 2147483647;
			files = (
				B9FB79182660F44100BC03EC /* DemoUITests.swift in Sources */,
				B90608A9266215F400440B2C /* GeneratedMocks.swift in Sources */,
			);
			runOnlyForDeploymentPostprocessing = 0;
		};
/* End PBXSourcesBuildPhase section */

/* Begin PBXTargetDependency section */
		B9FB790A2660F44100BC03EC /* PBXTargetDependency */ = {
			isa = PBXTargetDependency;
			target = B9FB78F12660F44100BC03EC /* Demo */;
			targetProxy = B9FB79092660F44100BC03EC /* PBXContainerItemProxy */;
		};
		B9FB79152660F44100BC03EC /* PBXTargetDependency */ = {
			isa = PBXTargetDependency;
			target = B9FB78F12660F44100BC03EC /* Demo */;
			targetProxy = B9FB79142660F44100BC03EC /* PBXContainerItemProxy */;
		};
/* End PBXTargetDependency section */

/* Begin PBXVariantGroup section */
		B9FB78FB2660F44100BC03EC /* Main.storyboard */ = {
			isa = PBXVariantGroup;
			children = (
				B9FB78FC2660F44100BC03EC /* Base */,
			);
			name = Main.storyboard;
			sourceTree = "<group>";
		};
		B9FB79002660F44100BC03EC /* LaunchScreen.storyboard */ = {
			isa = PBXVariantGroup;
			children = (
				B9FB79012660F44100BC03EC /* Base */,
			);
			name = LaunchScreen.storyboard;
			sourceTree = "<group>";
		};
/* End PBXVariantGroup section */

/* Begin XCBuildConfiguration section */
		B9FB791A2660F44100BC03EC /* Debug */ = {
			isa = XCBuildConfiguration;
			buildSettings = {
				ALWAYS_SEARCH_USER_PATHS = NO;
				CLANG_ANALYZER_NONNULL = YES;
				CLANG_ANALYZER_NUMBER_OBJECT_CONVERSION = YES_AGGRESSIVE;
				CLANG_CXX_LANGUAGE_STANDARD = "gnu++14";
				CLANG_CXX_LIBRARY = "libc++";
				CLANG_ENABLE_MODULES = YES;
				CLANG_ENABLE_OBJC_ARC = YES;
				CLANG_ENABLE_OBJC_WEAK = YES;
				CLANG_WARN_BLOCK_CAPTURE_AUTORELEASING = YES;
				CLANG_WARN_BOOL_CONVERSION = YES;
				CLANG_WARN_COMMA = YES;
				CLANG_WARN_CONSTANT_CONVERSION = YES;
				CLANG_WARN_DEPRECATED_OBJC_IMPLEMENTATIONS = YES;
				CLANG_WARN_DIRECT_OBJC_ISA_USAGE = YES_ERROR;
				CLANG_WARN_DOCUMENTATION_COMMENTS = YES;
				CLANG_WARN_EMPTY_BODY = YES;
				CLANG_WARN_ENUM_CONVERSION = YES;
				CLANG_WARN_INFINITE_RECURSION = YES;
				CLANG_WARN_INT_CONVERSION = YES;
				CLANG_WARN_NON_LITERAL_NULL_CONVERSION = YES;
				CLANG_WARN_OBJC_IMPLICIT_RETAIN_SELF = YES;
				CLANG_WARN_OBJC_LITERAL_CONVERSION = YES;
				CLANG_WARN_OBJC_ROOT_CLASS = YES_ERROR;
				CLANG_WARN_QUOTED_INCLUDE_IN_FRAMEWORK_HEADER = YES;
				CLANG_WARN_RANGE_LOOP_ANALYSIS = YES;
				CLANG_WARN_STRICT_PROTOTYPES = YES;
				CLANG_WARN_SUSPICIOUS_MOVE = YES;
				CLANG_WARN_UNGUARDED_AVAILABILITY = YES_AGGRESSIVE;
				CLANG_WARN_UNREACHABLE_CODE = YES;
				CLANG_WARN__DUPLICATE_METHOD_MATCH = YES;
				COPY_PHASE_STRIP = NO;
				DEBUG_INFORMATION_FORMAT = dwarf;
				ENABLE_STRICT_OBJC_MSGSEND = YES;
				ENABLE_TESTABILITY = YES;
				GCC_C_LANGUAGE_STANDARD = gnu11;
				GCC_DYNAMIC_NO_PIC = NO;
				GCC_NO_COMMON_BLOCKS = YES;
				GCC_OPTIMIZATION_LEVEL = 0;
				GCC_PREPROCESSOR_DEFINITIONS = (
					"DEBUG=1",
					"$(inherited)",
				);
				GCC_WARN_64_TO_32_BIT_CONVERSION = YES;
				GCC_WARN_ABOUT_RETURN_TYPE = YES_ERROR;
				GCC_WARN_UNDECLARED_SELECTOR = YES;
				GCC_WARN_UNINITIALIZED_AUTOS = YES_AGGRESSIVE;
				GCC_WARN_UNUSED_FUNCTION = YES;
				GCC_WARN_UNUSED_VARIABLE = YES;
				IPHONEOS_DEPLOYMENT_TARGET = 14.4;
				MTL_ENABLE_DEBUG_INFO = INCLUDE_SOURCE;
				MTL_FAST_MATH = YES;
				ONLY_ACTIVE_ARCH = YES;
				SDKROOT = iphoneos;
				SWIFT_ACTIVE_COMPILATION_CONDITIONS = DEBUG;
				SWIFT_OPTIMIZATION_LEVEL = "-Onone";
			};
			name = Debug;
		};
		B9FB791B2660F44100BC03EC /* Release */ = {
			isa = XCBuildConfiguration;
			buildSettings = {
				ALWAYS_SEARCH_USER_PATHS = NO;
				CLANG_ANALYZER_NONNULL = YES;
				CLANG_ANALYZER_NUMBER_OBJECT_CONVERSION = YES_AGGRESSIVE;
				CLANG_CXX_LANGUAGE_STANDARD = "gnu++14";
				CLANG_CXX_LIBRARY = "libc++";
				CLANG_ENABLE_MODULES = YES;
				CLANG_ENABLE_OBJC_ARC = YES;
				CLANG_ENABLE_OBJC_WEAK = YES;
				CLANG_WARN_BLOCK_CAPTURE_AUTORELEASING = YES;
				CLANG_WARN_BOOL_CONVERSION = YES;
				CLANG_WARN_COMMA = YES;
				CLANG_WARN_CONSTANT_CONVERSION = YES;
				CLANG_WARN_DEPRECATED_OBJC_IMPLEMENTATIONS = YES;
				CLANG_WARN_DIRECT_OBJC_ISA_USAGE = YES_ERROR;
				CLANG_WARN_DOCUMENTATION_COMMENTS = YES;
				CLANG_WARN_EMPTY_BODY = YES;
				CLANG_WARN_ENUM_CONVERSION = YES;
				CLANG_WARN_INFINITE_RECURSION = YES;
				CLANG_WARN_INT_CONVERSION = YES;
				CLANG_WARN_NON_LITERAL_NULL_CONVERSION = YES;
				CLANG_WARN_OBJC_IMPLICIT_RETAIN_SELF = YES;
				CLANG_WARN_OBJC_LITERAL_CONVERSION = YES;
				CLANG_WARN_OBJC_ROOT_CLASS = YES_ERROR;
				CLANG_WARN_QUOTED_INCLUDE_IN_FRAMEWORK_HEADER = YES;
				CLANG_WARN_RANGE_LOOP_ANALYSIS = YES;
				CLANG_WARN_STRICT_PROTOTYPES = YES;
				CLANG_WARN_SUSPICIOUS_MOVE = YES;
				CLANG_WARN_UNGUARDED_AVAILABILITY = YES_AGGRESSIVE;
				CLANG_WARN_UNREACHABLE_CODE = YES;
				CLANG_WARN__DUPLICATE_METHOD_MATCH = YES;
				COPY_PHASE_STRIP = NO;
				DEBUG_INFORMATION_FORMAT = "dwarf-with-dsym";
				ENABLE_NS_ASSERTIONS = NO;
				ENABLE_STRICT_OBJC_MSGSEND = YES;
				GCC_C_LANGUAGE_STANDARD = gnu11;
				GCC_NO_COMMON_BLOCKS = YES;
				GCC_WARN_64_TO_32_BIT_CONVERSION = YES;
				GCC_WARN_ABOUT_RETURN_TYPE = YES_ERROR;
				GCC_WARN_UNDECLARED_SELECTOR = YES;
				GCC_WARN_UNINITIALIZED_AUTOS = YES_AGGRESSIVE;
				GCC_WARN_UNUSED_FUNCTION = YES;
				GCC_WARN_UNUSED_VARIABLE = YES;
				IPHONEOS_DEPLOYMENT_TARGET = 14.4;
				MTL_ENABLE_DEBUG_INFO = NO;
				MTL_FAST_MATH = YES;
				SDKROOT = iphoneos;
				SWIFT_COMPILATION_MODE = wholemodule;
				SWIFT_OPTIMIZATION_LEVEL = "-O";
				VALIDATE_PRODUCT = YES;
			};
			name = Release;
		};
		B9FB791D2660F44100BC03EC /* Debug */ = {
			isa = XCBuildConfiguration;
			baseConfigurationReference = A4C31511CE3283271D430FCE /* Pods-Demo.debug.xcconfig */;
			buildSettings = {
				ASSETCATALOG_COMPILER_APPICON_NAME = AppIcon;
				ASSETCATALOG_COMPILER_GLOBAL_ACCENT_COLOR_NAME = AccentColor;
				CODE_SIGN_STYLE = Automatic;
				DEVELOPMENT_TEAM = C9LGXR367R;
				INFOPLIST_FILE = Demo/Info.plist;
				LD_RUNPATH_SEARCH_PATHS = (
					"$(inherited)",
					"@executable_path/Frameworks",
				);
				PRODUCT_BUNDLE_IDENTIFIER = com.demo.Demo;
				PRODUCT_NAME = "$(TARGET_NAME)";
				SWIFT_VERSION = 5.0;
				TARGETED_DEVICE_FAMILY = "1,2";
			};
			name = Debug;
		};
		B9FB791E2660F44100BC03EC /* Release */ = {
			isa = XCBuildConfiguration;
			baseConfigurationReference = 5185736CC5D734D5B393B308 /* Pods-Demo.release.xcconfig */;
			buildSettings = {
				ASSETCATALOG_COMPILER_APPICON_NAME = AppIcon;
				ASSETCATALOG_COMPILER_GLOBAL_ACCENT_COLOR_NAME = AccentColor;
				CODE_SIGN_STYLE = Automatic;
				DEVELOPMENT_TEAM = C9LGXR367R;
				INFOPLIST_FILE = Demo/Info.plist;
				LD_RUNPATH_SEARCH_PATHS = (
					"$(inherited)",
					"@executable_path/Frameworks",
				);
				PRODUCT_BUNDLE_IDENTIFIER = com.demo.Demo;
				PRODUCT_NAME = "$(TARGET_NAME)";
				SWIFT_VERSION = 5.0;
				TARGETED_DEVICE_FAMILY = "1,2";
			};
			name = Release;
		};
		B9FB79202660F44100BC03EC /* Debug */ = {
			isa = XCBuildConfiguration;
			baseConfigurationReference = 583DD12F0E4FD732A404D17A /* Pods-DemoTests.debug.xcconfig */;
			buildSettings = {
				ALWAYS_EMBED_SWIFT_STANDARD_LIBRARIES = YES;
				BUNDLE_LOADER = "$(TEST_HOST)";
				CODE_SIGN_STYLE = Automatic;
				DEVELOPMENT_TEAM = C9LGXR367R;
				INFOPLIST_FILE = DemoTests/Info.plist;
				IPHONEOS_DEPLOYMENT_TARGET = 14.4;
				LD_RUNPATH_SEARCH_PATHS = (
					"$(inherited)",
					"@executable_path/Frameworks",
					"@loader_path/Frameworks",
				);
				PRODUCT_BUNDLE_IDENTIFIER = com.demo.DemoTests;
				PRODUCT_NAME = "$(TARGET_NAME)";
				SWIFT_VERSION = 5.0;
				TARGETED_DEVICE_FAMILY = "1,2";
				TEST_HOST = "$(BUILT_PRODUCTS_DIR)/Demo.app/Demo";
			};
			name = Debug;
		};
		B9FB79212660F44100BC03EC /* Release */ = {
			isa = XCBuildConfiguration;
			baseConfigurationReference = 573C6CAAA044866FB2E9C8ED /* Pods-DemoTests.release.xcconfig */;
			buildSettings = {
				ALWAYS_EMBED_SWIFT_STANDARD_LIBRARIES = YES;
				BUNDLE_LOADER = "$(TEST_HOST)";
				CODE_SIGN_STYLE = Automatic;
				DEVELOPMENT_TEAM = C9LGXR367R;
				INFOPLIST_FILE = DemoTests/Info.plist;
				IPHONEOS_DEPLOYMENT_TARGET = 14.4;
				LD_RUNPATH_SEARCH_PATHS = (
					"$(inherited)",
					"@executable_path/Frameworks",
					"@loader_path/Frameworks",
				);
				PRODUCT_BUNDLE_IDENTIFIER = com.demo.DemoTests;
				PRODUCT_NAME = "$(TARGET_NAME)";
				SWIFT_VERSION = 5.0;
				TARGETED_DEVICE_FAMILY = "1,2";
				TEST_HOST = "$(BUILT_PRODUCTS_DIR)/Demo.app/Demo";
			};
			name = Release;
		};
		B9FB79232660F44100BC03EC /* Debug */ = {
			isa = XCBuildConfiguration;
			baseConfigurationReference = 862FA5B8D4D6B92A0540ED45 /* Pods-DemoUITests.debug.xcconfig */;
			buildSettings = {
				ALWAYS_EMBED_SWIFT_STANDARD_LIBRARIES = YES;
				CODE_SIGN_STYLE = Automatic;
				DEVELOPMENT_TEAM = C9LGXR367R;
				INFOPLIST_FILE = DemoUITests/Info.plist;
				LD_RUNPATH_SEARCH_PATHS = (
					"$(inherited)",
					"@executable_path/Frameworks",
					"@loader_path/Frameworks",
				);
				PRODUCT_BUNDLE_IDENTIFIER = com.demo.DemoUITests;
				PRODUCT_NAME = "$(TARGET_NAME)";
				SWIFT_VERSION = 5.0;
				TARGETED_DEVICE_FAMILY = "1,2";
				TEST_TARGET_NAME = Demo;
			};
			name = Debug;
		};
		B9FB79242660F44100BC03EC /* Release */ = {
			isa = XCBuildConfiguration;
			baseConfigurationReference = 133CD55973CA5B13DC815762 /* Pods-DemoUITests.release.xcconfig */;
			buildSettings = {
				ALWAYS_EMBED_SWIFT_STANDARD_LIBRARIES = YES;
				CODE_SIGN_STYLE = Automatic;
				DEVELOPMENT_TEAM = C9LGXR367R;
				INFOPLIST_FILE = DemoUITests/Info.plist;
				LD_RUNPATH_SEARCH_PATHS = (
					"$(inherited)",
					"@executable_path/Frameworks",
					"@loader_path/Frameworks",
				);
				PRODUCT_BUNDLE_IDENTIFIER = com.demo.DemoUITests;
				PRODUCT_NAME = "$(TARGET_NAME)";
				SWIFT_VERSION = 5.0;
				TARGETED_DEVICE_FAMILY = "1,2";
				TEST_TARGET_NAME = Demo;
			};
			name = Release;
		};
/* End XCBuildConfiguration section */

/* Begin XCConfigurationList section */
		B9FB78ED2660F44100BC03EC /* Build configuration list for PBXProject "Demo" */ = {
			isa = XCConfigurationList;
			buildConfigurations = (
				B9FB791A2660F44100BC03EC /* Debug */,
				B9FB791B2660F44100BC03EC /* Release */,
			);
			defaultConfigurationIsVisible = 0;
			defaultConfigurationName = Release;
		};
		B9FB791C2660F44100BC03EC /* Build configuration list for PBXNativeTarget "Demo" */ = {
			isa = XCConfigurationList;
			buildConfigurations = (
				B9FB791D2660F44100BC03EC /* Debug */,
				B9FB791E2660F44100BC03EC /* Release */,
			);
			defaultConfigurationIsVisible = 0;
			defaultConfigurationName = Release;
		};
		B9FB791F2660F44100BC03EC /* Build configuration list for PBXNativeTarget "DemoTests" */ = {
			isa = XCConfigurationList;
			buildConfigurations = (
				B9FB79202660F44100BC03EC /* Debug */,
				B9FB79212660F44100BC03EC /* Release */,
			);
			defaultConfigurationIsVisible = 0;
			defaultConfigurationName = Release;
		};
		B9FB79222660F44100BC03EC /* Build configuration list for PBXNativeTarget "DemoUITests" */ = {
			isa = XCConfigurationList;
			buildConfigurations = (
				B9FB79232660F44100BC03EC /* Debug */,
				B9FB79242660F44100BC03EC /* Release */,
			);
			defaultConfigurationIsVisible = 0;
			defaultConfigurationName = Release;
		};
/* End XCConfigurationList section */
	};
	rootObject = B9FB78EA2660F44100BC03EC /* Project object */;
}
